{
  "nodes": {
    "libpqxx-src": {
      "flake": false,
      "locked": {
        "lastModified": 1775333537,
        "narHash": "sha256-b7NgMzqu0VkAFZPmaeE0eOmsedL76MvFtWKlmD8UfAo=",
        "owner": "jtv",
        "repo": "libpqxx",
        "rev": "670daea7900a9b097b9fb199c392b25bb63af48a",
        "type": "github"
      },
      "original": {
        "owner": "jtv",
        "repo": "libpqxx",
        "rev": "670daea7900a9b097b9fb199c392b25bb63af48a",
        "type": "github"
      }
    },
    "nixpkgs": {
      "locked": {
        "lastModified": 1776734388,
        "narHash": "sha256-vl3dkhlE5gzsItuHoEMVe+DlonsK+0836LIRDnm6MXQ=",
        "owner": "NixOS",
        "repo": "nixpkgs",
        "rev": "10e7ad5bbcb421fe07e3a4ad53a634b0cd57ffac",
        "type": "github"
      },
      "original": {
        "owner": "NixOS",
        "ref": "nixos-25.11",
        "repo": "nixpkgs",
        "type": "github"
      }
    },
    "root": {
      "inputs": {
        "libpqxx-src": "libpqxx-src",
        "nixpkgs": "nixpkgs"
      }
    }
  },
  "root": "root",
  "version": 7
}
