{
  "nodes": {
    "libpqxx-src": {
      "flake": false,
      "locked": {
        "lastModified": 1775333537,
        "narHash": "sha256-b7NgMzqu0VkAFZPmaeE0eOmsedL76MvFtWKlmD8UfAo=",
        "owner": "jtv",
        "repo": "libpqxx",
        "rev": "670daea7900a9b097b9fb199c392b25bb63af48a",
        "type": "github"
      },
      "original": {
        "owner": "jtv",
        "repo": "libpqxx",
        "rev": "670daea7900a9b097b9fb199c392b25bb63af48a",
        "type": "github"
      }
    },
    "llfio-src": {
      "flake": false,
      "locked": {
        "lastModified": 1767903495,
        "narHash": "sha256-o7OttswebmkU8mqaKQx7bSVD4rqKQT4Jb+AhcvZF8PI=",
        "ref": "refs/heads/develop",
        "rev": "b3c9308f143e27161c40f6d52a8fd18e8f05761b",
        "revCount": 1529,
        "submodules": true,
        "type": "git",
        "url": "https://github.com/ned14/llfio.git"
      },
      "original": {
        "rev": "b3c9308f143e27161c40f6d52a8fd18e8f05761b",
        "submodules": true,
        "type": "git",
        "url": "https://github.com/ned14/llfio.git"
      }
    },
    "nixpkgs": {
      "locked": {
        "lastModified": 1776734388,
        "narHash": "sha256-vl3dkhlE5gzsItuHoEMVe+DlonsK+0836LIRDnm6MXQ=",
        "owner": "NixOS",
        "repo": "nixpkgs",
        "rev": "10e7ad5bbcb421fe07e3a4ad53a634b0cd57ffac",
        "type": "github"
      },
      "original": {
        "owner": "NixOS",
        "ref": "nixos-25.11",
        "repo": "nixpkgs",
        "type": "github"
      }
    },
    "outcome-src": {
      "flake": false,
      "locked": {
        "lastModified": 1768773525,
        "narHash": "sha256-2uKNA6Urn92you3NpggfXVGL4DM66C3aAnclDZA/vTs=",
        "ref": "refs/heads/develop",
        "rev": "2db94be7aa1c65115d1942042238317d53ab601c",
        "revCount": 2477,
        "submodules": true,
        "type": "git",
        "url": "https://github.com/ned14/outcome.git"
      },
      "original": {
        "rev": "2db94be7aa1c65115d1942042238317d53ab601c",
        "submodules": true,
        "type": "git",
        "url": "https://github.com/ned14/outcome.git"
      }
    },
    "quickcpplib-src": {
      "flake": false,
      "locked": {
        "lastModified": 1773172646,
        "narHash": "sha256-KK3jwjVicy9hgwg5pAGE+WLkeOruvJaQ7yPwx1EzD94=",
        "ref": "refs/heads/master",
        "rev": "3c1d8cb5e94722447e4f17e87b5a9e3a0c66fb39",
        "revCount": 834,
        "submodules": true,
        "type": "git",
        "url": "https://github.com/ned14/quickcpplib.git"
      },
      "original": {
        "rev": "3c1d8cb5e94722447e4f17e87b5a9e3a0c66fb39",
        "submodules": true,
        "type": "git",
        "url": "https://github.com/ned14/quickcpplib.git"
      }
    },
    "root": {
      "inputs": {
        "libpqxx-src": "libpqxx-src",
        "llfio-src": "llfio-src",
        "nixpkgs": "nixpkgs",
        "outcome-src": "outcome-src",
        "quickcpplib-src": "quickcpplib-src"
      }
    }
  },
  "root": "root",
  "version": 7
}
